
Microsoft Visual Studio Solution File, Format Version 12.00
# Visual Studio Version 16
VisualStudioVersion = 16.0.31105.61
MinimumVisualStudioVersion = 10.0.40219.1
Project("{FAE04EC0-301F-11D3-BF4B-00C04F79EFBC}") = "ServicioBiblioteca", "ServicioBiblioteca\ServicioBiblioteca.csproj", "{8FA0C418-35A8-4954-BA44-EC7A5D499086}"
EndProject
Project("{FAE04EC0-301F-11D3-BF4B-00C04F79EFBC}") = "Servidor", "Servidor\Servidor.csproj", "{654BCFDC-FE10-402D-96D4-0E4B53CC7DA9}"
EndProject
Project("{FAE04EC0-301F-11D3-BF4B-00C04F79EFBC}") = "Cliente", "Cliente\Cliente.csproj", "{9E5757FF-5935-40DF-ACF6-227FC3B904DC}"
EndProject
Global
	GlobalSection(SolutionConfigurationPlatforms) = preSolution
		Debug|Any CPU = Debug|Any CPU
		Release|Any CPU = Release|Any CPU
	EndGlobalSection
	GlobalSection(ProjectConfigurationPlatforms) = postSolution
		{8FA0C418-35A8-4954-BA44-EC7A5D499086}.Debug|Any CPU.ActiveCfg = Debug|Any CPU
		{8FA0C418-35A8-4954-BA44-EC7A5D499086}.Debug|Any CPU.Build.0 = Debug|Any CPU
		{8FA0C418-35A8-4954-BA44-EC7A5D499086}.Release|Any CPU.ActiveCfg = Release|Any CPU
		{8FA0C418-35A8-4954-BA44-EC7A5D499086}.Release|Any CPU.Build.0 = Release|Any CPU
		{654BCFDC-FE10-402D-96D4-0E4B53CC7DA9}.Debug|Any CPU.ActiveCfg = Debug|Any CPU
		{654BCFDC-FE10-402D-96D4-0E4B53CC7DA9}.Debug|Any CPU.Build.0 = Debug|Any CPU
		{654BCFDC-FE10-402D-96D4-0E4B53CC7DA9}.Release|Any CPU.ActiveCfg = Release|Any CPU
		{654BCFDC-FE10-402D-96D4-0E4B53CC7DA9}.Release|Any CPU.Build.0 = Release|Any CPU
		{9E5757FF-5935-40DF-ACF6-227FC3B904DC}.Debug|Any CPU.ActiveCfg = Debug|Any CPU
		{9E5757FF-5935-40DF-ACF6-227FC3B904DC}.Debug|Any CPU.Build.0 = Debug|Any CPU
		{9E5757FF-5935-40DF-ACF6-227FC3B904DC}.Release|Any CPU.ActiveCfg = Release|Any CPU
		{9E5757FF-5935-40DF-ACF6-227FC3B904DC}.Release|Any CPU.Build.0 = Release|Any CPU
	EndGlobalSection
	GlobalSection(SolutionProperties) = preSolution
		HideSolutionNode = FALSE
	EndGlobalSection
	GlobalSection(ExtensibilityGlobals) = postSolution
		SolutionGuid = {BA6A3EBB-ABD4-4B40-B106-870C63C77483}
	EndGlobalSection
EndGlobal
